{
  "pins" : [
    {
      "identity" : "swift-syntax",
      "kind" : "remoteSourceControl",
      "location" : "https://github.com/apple/swift-syntax.git",
      "state" : {
        "revision" : "6ad4ea24b01559dde0773e3d091f1b9e36175036",
        "version" : "509.0.2"
      }
    },
    {
      "identity" : "swift-testing",
      "kind" : "remoteSourceControl",
      "location" : "https://github.com/apple/swift-testing.git",
      "state" : {
        "branch" : "aa8702a",
        "revision" : "aa8702a7880218de50bd0459487958dbab57ead5"
      }
    }
  ],
  "version" : 2
}
